
Microsoft Visual Studio Solution File, Format Version 12.00
# Visual Studio 15
VisualStudioVersion = 15.0.26228.9
MinimumVisualStudioVersion = 10.0.40219.1
Project("{FAE04EC0-301F-11D3-BF4B-00C04F79EFBC}") = "OlowoshileAishat_MvcMovie", "OlowoshileAishat_MvcMovie\OlowoshileAishat_MvcMovie.csproj", "{32B5D910-5FAC-4C8F-A621-2DB621367CEC}"
EndProject
Global
	GlobalSection(SolutionConfigurationPlatforms) = preSolution
		Debug|Any CPU = Debug|Any CPU
		Release|Any CPU = Release|Any CPU
	EndGlobalSection
	GlobalSection(ProjectConfigurationPlatforms) = postSolution
		{32B5D910-5FAC-4C8F-A621-2DB621367CEC}.Debug|Any CPU.ActiveCfg = Debug|Any CPU
		{32B5D910-5FAC-4C8F-A621-2DB621367CEC}.Debug|Any CPU.Build.0 = Debug|Any CPU
		{32B5D910-5FAC-4C8F-A621-2DB621367CEC}.Release|Any CPU.ActiveCfg = Release|Any CPU
		{32B5D910-5FAC-4C8F-A621-2DB621367CEC}.Release|Any CPU.Build.0 = Release|Any CPU
	EndGlobalSection
	GlobalSection(SolutionProperties) = preSolution
		HideSolutionNode = FALSE
	EndGlobalSection
EndGlobal
